
Microsoft Visual Studio Solution File, Format Version 12.00
# Visual Studio 14
VisualStudioVersion = 14.0.25420.1
MinimumVisualStudioVersion = 10.0.40219.1
Project("{FAE04EC0-301F-11D3-BF4B-00C04F79EFBC}") = "Quilt4Net.Tests", "Quilt4Net.Tests\Quilt4Net.Tests.csproj", "{17D454A0-E2E2-4010-8E15-D213219234FC}"
EndProject
Project("{2150E333-8FDC-42A3-9474-1A3956D46DE8}") = "Solution Items", "Solution Items", "{A0108273-17CF-4F7E-87FF-54B212C1D874}"
	ProjectSection(SolutionItems) = preProject
		LICENSE = LICENSE
		README.md = README.md
	EndProjectSection
EndProject
Project("{FAE04EC0-301F-11D3-BF4B-00C04F79EFBC}") = "Quilt4Net.Sample.Console", "Quilt4Net.Sample.Console\Quilt4Net.Sample.Console.csproj", "{15DD18BD-C61B-4D07-B242-196BEE909887}"
EndProject
Project("{2150E333-8FDC-42A3-9474-1A3956D46DE8}") = "Build", "Build", "{FC718711-A786-4FBA-BC41-97FCE9B3FD5E}"
	ProjectSection(SolutionItems) = preProject
		Build\AssemblyVersionInfo.cs = Build\AssemblyVersionInfo.cs
	EndProjectSection
EndProject
Project("{FAE04EC0-301F-11D3-BF4B-00C04F79EFBC}") = "Quilt4Net", "Quilt4Net\Quilt4Net.csproj", "{7617B049-94F7-421E-AA74-8A68267E3319}"
EndProject
Project("{2150E333-8FDC-42A3-9474-1A3956D46DE8}") = "Samples", "Samples", "{5F580A2D-3E63-4BF0-AC4C-BB078D3B8DFB}"
EndProject
Project("{FAE04EC0-301F-11D3-BF4B-00C04F79EFBC}") = "Quilt4Net.Sample.CastleWindsor", "Quilt4Net.Sample.CastleWindsor\Quilt4Net.Sample.CastleWindsor.csproj", "{82BB902F-C377-4E0B-887A-F2C577D395E7}"
EndProject
Project("{FAE04EC0-301F-11D3-BF4B-00C04F79EFBC}") = "Quilt4Console", "Quilt4Console\Quilt4Console.csproj", "{FC34DB63-5B87-4568-AAF4-D02BF878C360}"
EndProject
Global
	GlobalSection(SolutionConfigurationPlatforms) = preSolution
		CI|Any CPU = CI|Any CPU
		Debug|Any CPU = Debug|Any CPU
		Release|Any CPU = Release|Any CPU
	EndGlobalSection
	GlobalSection(ProjectConfigurationPlatforms) = postSolution
		{17D454A0-E2E2-4010-8E15-D213219234FC}.CI|Any CPU.ActiveCfg = CI|Any CPU
		{17D454A0-E2E2-4010-8E15-D213219234FC}.CI|Any CPU.Build.0 = CI|Any CPU
		{17D454A0-E2E2-4010-8E15-D213219234FC}.Debug|Any CPU.ActiveCfg = Debug|Any CPU
		{17D454A0-E2E2-4010-8E15-D213219234FC}.Debug|Any CPU.Build.0 = Debug|Any CPU
		{17D454A0-E2E2-4010-8E15-D213219234FC}.Release|Any CPU.ActiveCfg = Release|Any CPU
		{17D454A0-E2E2-4010-8E15-D213219234FC}.Release|Any CPU.Build.0 = Release|Any CPU
		{15DD18BD-C61B-4D07-B242-196BEE909887}.CI|Any CPU.ActiveCfg = CI|Any CPU
		{15DD18BD-C61B-4D07-B242-196BEE909887}.CI|Any CPU.Build.0 = CI|Any CPU
		{15DD18BD-C61B-4D07-B242-196BEE909887}.Debug|Any CPU.ActiveCfg = Debug|Any CPU
		{15DD18BD-C61B-4D07-B242-196BEE909887}.Debug|Any CPU.Build.0 = Debug|Any CPU
		{15DD18BD-C61B-4D07-B242-196BEE909887}.Release|Any CPU.ActiveCfg = Release|Any CPU
		{15DD18BD-C61B-4D07-B242-196BEE909887}.Release|Any CPU.Build.0 = Release|Any CPU
		{7617B049-94F7-421E-AA74-8A68267E3319}.CI|Any CPU.ActiveCfg = CI|Any CPU
		{7617B049-94F7-421E-AA74-8A68267E3319}.CI|Any CPU.Build.0 = CI|Any CPU
		{7617B049-94F7-421E-AA74-8A68267E3319}.Debug|Any CPU.ActiveCfg = Debug|Any CPU
		{7617B049-94F7-421E-AA74-8A68267E3319}.Debug|Any CPU.Build.0 = Debug|Any CPU
		{7617B049-94F7-421E-AA74-8A68267E3319}.Release|Any CPU.ActiveCfg = Release|Any CPU
		{7617B049-94F7-421E-AA74-8A68267E3319}.Release|Any CPU.Build.0 = Release|Any CPU
		{82BB902F-C377-4E0B-887A-F2C577D395E7}.CI|Any CPU.ActiveCfg = CI|Any CPU
		{82BB902F-C377-4E0B-887A-F2C577D395E7}.CI|Any CPU.Build.0 = CI|Any CPU
		{82BB902F-C377-4E0B-887A-F2C577D395E7}.Debug|Any CPU.ActiveCfg = Debug|Any CPU
		{82BB902F-C377-4E0B-887A-F2C577D395E7}.Debug|Any CPU.Build.0 = Debug|Any CPU
		{82BB902F-C377-4E0B-887A-F2C577D395E7}.Release|Any CPU.ActiveCfg = Release|Any CPU
		{82BB902F-C377-4E0B-887A-F2C577D395E7}.Release|Any CPU.Build.0 = Release|Any CPU
		{FC34DB63-5B87-4568-AAF4-D02BF878C360}.CI|Any CPU.ActiveCfg = Release|Any CPU
		{FC34DB63-5B87-4568-AAF4-D02BF878C360}.CI|Any CPU.Build.0 = Release|Any CPU
		{FC34DB63-5B87-4568-AAF4-D02BF878C360}.Debug|Any CPU.ActiveCfg = Debug|Any CPU
		{FC34DB63-5B87-4568-AAF4-D02BF878C360}.Debug|Any CPU.Build.0 = Debug|Any CPU
		{FC34DB63-5B87-4568-AAF4-D02BF878C360}.Release|Any CPU.ActiveCfg = Release|Any CPU
		{FC34DB63-5B87-4568-AAF4-D02BF878C360}.Release|Any CPU.Build.0 = Release|Any CPU
	EndGlobalSection
	GlobalSection(SolutionProperties) = preSolution
		HideSolutionNode = FALSE
	EndGlobalSection
	GlobalSection(NestedProjects) = preSolution
		{15DD18BD-C61B-4D07-B242-196BEE909887} = {5F580A2D-3E63-4BF0-AC4C-BB078D3B8DFB}
		{82BB902F-C377-4E0B-887A-F2C577D395E7} = {5F580A2D-3E63-4BF0-AC4C-BB078D3B8DFB}
	EndGlobalSection
EndGlobal
