
Microsoft Visual Studio Solution File, Format Version 12.00
# Visual Studio 14
VisualStudioVersion = 14.0.23107.0
MinimumVisualStudioVersion = 10.0.40219.1
Project("{FAE04EC0-301F-11D3-BF4B-00C04F79EFBC}") = "Quilt4Net.Tests", "Quilt4Net.Tests\Quilt4Net.Tests.csproj", "{17D454A0-E2E2-4010-8E15-D213219234FC}"
EndProject
Project("{2150E333-8FDC-42A3-9474-1A3956D46DE8}") = "Solution Items", "Solution Items", "{A0108273-17CF-4F7E-87FF-54B212C1D874}"
	ProjectSection(SolutionItems) = preProject
		LICENSE = LICENSE
		README.md = README.md
	EndProjectSection
EndProject
Project("{FAE04EC0-301F-11D3-BF4B-00C04F79EFBC}") = "Quilt4Net.Sample.Console", "Quilt4Net.Sample.Console\Quilt4Net.Sample.Console.csproj", "{15DD18BD-C61B-4D07-B242-196BEE909887}"
EndProject
Project("{2150E333-8FDC-42A3-9474-1A3956D46DE8}") = "Build", "Build", "{FC718711-A786-4FBA-BC41-97FCE9B3FD5E}"
	ProjectSection(SolutionItems) = preProject
		Build\AssemblyVersionInfo.cs = Build\AssemblyVersionInfo.cs
		Build\build.tasks = Build\build.tasks
		Build\CI.msbuild = Build\CI.msbuild
		Build\Release.msbuild = Build\Release.msbuild
	EndProjectSection
EndProject
Project("{FAE04EC0-301F-11D3-BF4B-00C04F79EFBC}") = "Quilt4Net", "Quilt4Net\Quilt4Net.csproj", "{7617B049-94F7-421E-AA74-8A68267E3319}"
EndProject
Project("{FAE04EC0-301F-11D3-BF4B-00C04F79EFBC}") = "Quilt4Net.Core", "Quilt4Net.Core\Quilt4Net.Core.csproj", "{6D022F03-0708-4F5F-A436-4931CD106DC7}"
EndProject
Global
	GlobalSection(SolutionConfigurationPlatforms) = preSolution
		CI|Any CPU = CI|Any CPU
		Debug|Any CPU = Debug|Any CPU
		Release|Any CPU = Release|Any CPU
	EndGlobalSection
	GlobalSection(ProjectConfigurationPlatforms) = postSolution
		{17D454A0-E2E2-4010-8E15-D213219234FC}.CI|Any CPU.ActiveCfg = CI|Any CPU
		{17D454A0-E2E2-4010-8E15-D213219234FC}.CI|Any CPU.Build.0 = CI|Any CPU
		{17D454A0-E2E2-4010-8E15-D213219234FC}.Debug|Any CPU.ActiveCfg = Debug|Any CPU
		{17D454A0-E2E2-4010-8E15-D213219234FC}.Debug|Any CPU.Build.0 = Debug|Any CPU
		{17D454A0-E2E2-4010-8E15-D213219234FC}.Release|Any CPU.ActiveCfg = Release|Any CPU
		{17D454A0-E2E2-4010-8E15-D213219234FC}.Release|Any CPU.Build.0 = Release|Any CPU
		{15DD18BD-C61B-4D07-B242-196BEE909887}.CI|Any CPU.ActiveCfg = CI|Any CPU
		{15DD18BD-C61B-4D07-B242-196BEE909887}.CI|Any CPU.Build.0 = CI|Any CPU
		{15DD18BD-C61B-4D07-B242-196BEE909887}.Debug|Any CPU.ActiveCfg = Debug|Any CPU
		{15DD18BD-C61B-4D07-B242-196BEE909887}.Debug|Any CPU.Build.0 = Debug|Any CPU
		{15DD18BD-C61B-4D07-B242-196BEE909887}.Release|Any CPU.ActiveCfg = Release|Any CPU
		{15DD18BD-C61B-4D07-B242-196BEE909887}.Release|Any CPU.Build.0 = Release|Any CPU
		{7617B049-94F7-421E-AA74-8A68267E3319}.CI|Any CPU.ActiveCfg = CI|Any CPU
		{7617B049-94F7-421E-AA74-8A68267E3319}.CI|Any CPU.Build.0 = CI|Any CPU
		{7617B049-94F7-421E-AA74-8A68267E3319}.Debug|Any CPU.ActiveCfg = Debug|Any CPU
		{7617B049-94F7-421E-AA74-8A68267E3319}.Debug|Any CPU.Build.0 = Debug|Any CPU
		{7617B049-94F7-421E-AA74-8A68267E3319}.Release|Any CPU.ActiveCfg = Release|Any CPU
		{7617B049-94F7-421E-AA74-8A68267E3319}.Release|Any CPU.Build.0 = Release|Any CPU
		{6D022F03-0708-4F5F-A436-4931CD106DC7}.CI|Any CPU.ActiveCfg = CI|Any CPU
		{6D022F03-0708-4F5F-A436-4931CD106DC7}.CI|Any CPU.Build.0 = CI|Any CPU
		{6D022F03-0708-4F5F-A436-4931CD106DC7}.Debug|Any CPU.ActiveCfg = Debug|Any CPU
		{6D022F03-0708-4F5F-A436-4931CD106DC7}.Debug|Any CPU.Build.0 = Debug|Any CPU
		{6D022F03-0708-4F5F-A436-4931CD106DC7}.Release|Any CPU.ActiveCfg = Release|Any CPU
		{6D022F03-0708-4F5F-A436-4931CD106DC7}.Release|Any CPU.Build.0 = Release|Any CPU
	EndGlobalSection
	GlobalSection(SolutionProperties) = preSolution
		HideSolutionNode = FALSE
	EndGlobalSection
EndGlobal
